
Microsoft Visual Studio Solution File, Format Version 12.00
# Visual Studio Version 17
VisualStudioVersion = 17.2.32616.157
MinimumVisualStudioVersion = 10.0.40219.1
Project("{FAE04EC0-301F-11D3-BF4B-00C04F79EFBC}") = "InvalidCharChecker", "InvalidCharChecker\InvalidCharChecker.csproj", "{EFB687FB-F1C1-46AB-BE25-0E712647FBB2}"
EndProject
Project("{FAE04EC0-301F-11D3-BF4B-00C04F79EFBC}") = "InvalidCharCheckerTest", "InvalidCharCheckerTest\InvalidCharCheckerTest.csproj", "{723CBCF2-758D-4FF4-921D-CDA835298179}"
EndProject
Global
	GlobalSection(SolutionConfigurationPlatforms) = preSolution
		Debug|Any CPU = Debug|Any CPU
		Release|Any CPU = Release|Any CPU
	EndGlobalSection
	GlobalSection(ProjectConfigurationPlatforms) = postSolution
		{EFB687FB-F1C1-46AB-BE25-0E712647FBB2}.Debug|Any CPU.ActiveCfg = Debug|Any CPU
		{EFB687FB-F1C1-46AB-BE25-0E712647FBB2}.Debug|Any CPU.Build.0 = Debug|Any CPU
		{EFB687FB-F1C1-46AB-BE25-0E712647FBB2}.Release|Any CPU.ActiveCfg = Release|Any CPU
		{EFB687FB-F1C1-46AB-BE25-0E712647FBB2}.Release|Any CPU.Build.0 = Release|Any CPU
		{723CBCF2-758D-4FF4-921D-CDA835298179}.Debug|Any CPU.ActiveCfg = Debug|Any CPU
		{723CBCF2-758D-4FF4-921D-CDA835298179}.Debug|Any CPU.Build.0 = Debug|Any CPU
		{723CBCF2-758D-4FF4-921D-CDA835298179}.Release|Any CPU.ActiveCfg = Release|Any CPU
		{723CBCF2-758D-4FF4-921D-CDA835298179}.Release|Any CPU.Build.0 = Release|Any CPU
	EndGlobalSection
	GlobalSection(SolutionProperties) = preSolution
		HideSolutionNode = FALSE
	EndGlobalSection
	GlobalSection(ExtensibilityGlobals) = postSolution
		SolutionGuid = {EF896913-1275-4642-88B1-18C21D564CB0}
	EndGlobalSection
EndGlobal
